
Microsoft Visual Studio Solution File, Format Version 12.00
# Visual Studio Version 17
VisualStudioVersion = 17.4.33213.308
MinimumVisualStudioVersion = 10.0.40219.1
Project("{FAE04EC0-301F-11D3-BF4B-00C04F79EFBC}") = "OutputCacheDemoESP", "OutputCacheDemoESP\OutputCacheDemoESP.csproj", "{3B1FE22C-4029-4BFA-8893-97E9A21EE2A5}"
EndProject
Global
	GlobalSection(SolutionConfigurationPlatforms) = preSolution
		Debug|Any CPU = Debug|Any CPU
		Release|Any CPU = Release|Any CPU
	EndGlobalSection
	GlobalSection(ProjectConfigurationPlatforms) = postSolution
		{3B1FE22C-4029-4BFA-8893-97E9A21EE2A5}.Debug|Any CPU.ActiveCfg = Debug|Any CPU
		{3B1FE22C-4029-4BFA-8893-97E9A21EE2A5}.Debug|Any CPU.Build.0 = Debug|Any CPU
		{3B1FE22C-4029-4BFA-8893-97E9A21EE2A5}.Release|Any CPU.ActiveCfg = Release|Any CPU
		{3B1FE22C-4029-4BFA-8893-97E9A21EE2A5}.Release|Any CPU.Build.0 = Release|Any CPU
	EndGlobalSection
	GlobalSection(SolutionProperties) = preSolution
		HideSolutionNode = FALSE
	EndGlobalSection
	GlobalSection(ExtensibilityGlobals) = postSolution
		SolutionGuid = {47E8113B-C2E0-483F-86F8-0FB219F3C99B}
	EndGlobalSection
EndGlobal
